
Microsoft Visual Studio Solution File, Format Version 12.00
# Visual Studio Version 17
VisualStudioVersion = 17.10.34916.146
MinimumVisualStudioVersion = 10.0.40219.1
Project("{FAE04EC0-301F-11D3-BF4B-00C04F79EFBC}") = "ASP_LR_7_Kyrylenko_402", "ASP_LR_7_Kyrylenko_402.csproj", "{5A4B24BF-900C-45D1-A39D-6B15B9881636}"
EndProject
Global
	GlobalSection(SolutionConfigurationPlatforms) = preSolution
		Debug|Any CPU = Debug|Any CPU
		Release|Any CPU = Release|Any CPU
	EndGlobalSection
	GlobalSection(ProjectConfigurationPlatforms) = postSolution
		{5A4B24BF-900C-45D1-A39D-6B15B9881636}.Debug|Any CPU.ActiveCfg = Debug|Any CPU
		{5A4B24BF-900C-45D1-A39D-6B15B9881636}.Debug|Any CPU.Build.0 = Debug|Any CPU
		{5A4B24BF-900C-45D1-A39D-6B15B9881636}.Release|Any CPU.ActiveCfg = Release|Any CPU
		{5A4B24BF-900C-45D1-A39D-6B15B9881636}.Release|Any CPU.Build.0 = Release|Any CPU
	EndGlobalSection
	GlobalSection(SolutionProperties) = preSolution
		HideSolutionNode = FALSE
	EndGlobalSection
	GlobalSection(ExtensibilityGlobals) = postSolution
		SolutionGuid = {F50691B2-0E68-4017-8DF6-CD656ECC073A}
	EndGlobalSection
EndGlobal
